
Microsoft Visual Studio Solution File, Format Version 12.00
# Visual Studio Version 16
VisualStudioVersion = 16.6.30114.105
MinimumVisualStudioVersion = 10.0.40219.1
Project("{FAE04EC0-301F-11D3-BF4B-00C04F79EFBC}") = "R5T.D0087.Base", "R5T.D0087.Base\R5T.D0087.Base.csproj", "{23BB3F6F-2B54-46C8-90DD-9A6E6399CBE2}"
EndProject
Project("{2150E333-8FDC-42A3-9474-1A3956D46DE8}") = "_Dependencies", "_Dependencies", "{EAB0B5DC-E02F-456C-B8AB-08FFD466BE63}"
EndProject
Project("{FAE04EC0-301F-11D3-BF4B-00C04F79EFBC}") = "R5T.Dacia.T002", "..\..\R5T.Dacia\source\R5T.Dacia.T002\R5T.Dacia.T002.csproj", "{CD381772-2EA6-4A62-8D34-8677429A22CF}"
EndProject
Project("{FAE04EC0-301F-11D3-BF4B-00C04F79EFBC}") = "R5T.D0087.I001", "R5T.D0087.I001\R5T.D0087.I001.csproj", "{98197967-6005-4C36-9C90-FB02AFF28F69}"
EndProject
Project("{FAE04EC0-301F-11D3-BF4B-00C04F79EFBC}") = "R5T.Dacia.Extensions", "..\..\R5T.Dacia.Extensions\source\R5T.Dacia.Extensions\R5T.Dacia.Extensions.csproj", "{F6818873-3FFA-4CCE-A6C5-EA279A24449B}"
EndProject
Global
	GlobalSection(SolutionConfigurationPlatforms) = preSolution
		Debug|Any CPU = Debug|Any CPU
		Debug|x64 = Debug|x64
		Debug|x86 = Debug|x86
		Release|Any CPU = Release|Any CPU
		Release|x64 = Release|x64
		Release|x86 = Release|x86
	EndGlobalSection
	GlobalSection(SolutionProperties) = preSolution
		HideSolutionNode = FALSE
	EndGlobalSection
	GlobalSection(ProjectConfigurationPlatforms) = postSolution
		{23BB3F6F-2B54-46C8-90DD-9A6E6399CBE2}.Debug|Any CPU.ActiveCfg = Debug|Any CPU
		{23BB3F6F-2B54-46C8-90DD-9A6E6399CBE2}.Debug|Any CPU.Build.0 = Debug|Any CPU
		{23BB3F6F-2B54-46C8-90DD-9A6E6399CBE2}.Debug|x64.ActiveCfg = Debug|Any CPU
		{23BB3F6F-2B54-46C8-90DD-9A6E6399CBE2}.Debug|x64.Build.0 = Debug|Any CPU
		{23BB3F6F-2B54-46C8-90DD-9A6E6399CBE2}.Debug|x86.ActiveCfg = Debug|Any CPU
		{23BB3F6F-2B54-46C8-90DD-9A6E6399CBE2}.Debug|x86.Build.0 = Debug|Any CPU
		{23BB3F6F-2B54-46C8-90DD-9A6E6399CBE2}.Release|Any CPU.ActiveCfg = Release|Any CPU
		{23BB3F6F-2B54-46C8-90DD-9A6E6399CBE2}.Release|Any CPU.Build.0 = Release|Any CPU
		{23BB3F6F-2B54-46C8-90DD-9A6E6399CBE2}.Release|x64.ActiveCfg = Release|Any CPU
		{23BB3F6F-2B54-46C8-90DD-9A6E6399CBE2}.Release|x64.Build.0 = Release|Any CPU
		{23BB3F6F-2B54-46C8-90DD-9A6E6399CBE2}.Release|x86.ActiveCfg = Release|Any CPU
		{23BB3F6F-2B54-46C8-90DD-9A6E6399CBE2}.Release|x86.Build.0 = Release|Any CPU
		{CD381772-2EA6-4A62-8D34-8677429A22CF}.Debug|Any CPU.ActiveCfg = Debug|Any CPU
		{CD381772-2EA6-4A62-8D34-8677429A22CF}.Debug|Any CPU.Build.0 = Debug|Any CPU
		{CD381772-2EA6-4A62-8D34-8677429A22CF}.Debug|x64.ActiveCfg = Debug|Any CPU
		{CD381772-2EA6-4A62-8D34-8677429A22CF}.Debug|x64.Build.0 = Debug|Any CPU
		{CD381772-2EA6-4A62-8D34-8677429A22CF}.Debug|x86.ActiveCfg = Debug|Any CPU
		{CD381772-2EA6-4A62-8D34-8677429A22CF}.Debug|x86.Build.0 = Debug|Any CPU
		{CD381772-2EA6-4A62-8D34-8677429A22CF}.Release|Any CPU.ActiveCfg = Release|Any CPU
		{CD381772-2EA6-4A62-8D34-8677429A22CF}.Release|Any CPU.Build.0 = Release|Any CPU
		{CD381772-2EA6-4A62-8D34-8677429A22CF}.Release|x64.ActiveCfg = Release|Any CPU
		{CD381772-2EA6-4A62-8D34-8677429A22CF}.Release|x64.Build.0 = Release|Any CPU
		{CD381772-2EA6-4A62-8D34-8677429A22CF}.Release|x86.ActiveCfg = Release|Any CPU
		{CD381772-2EA6-4A62-8D34-8677429A22CF}.Release|x86.Build.0 = Release|Any CPU
		{98197967-6005-4C36-9C90-FB02AFF28F69}.Debug|Any CPU.ActiveCfg = Debug|Any CPU
		{98197967-6005-4C36-9C90-FB02AFF28F69}.Debug|Any CPU.Build.0 = Debug|Any CPU
		{98197967-6005-4C36-9C90-FB02AFF28F69}.Debug|x64.ActiveCfg = Debug|Any CPU
		{98197967-6005-4C36-9C90-FB02AFF28F69}.Debug|x64.Build.0 = Debug|Any CPU
		{98197967-6005-4C36-9C90-FB02AFF28F69}.Debug|x86.ActiveCfg = Debug|Any CPU
		{98197967-6005-4C36-9C90-FB02AFF28F69}.Debug|x86.Build.0 = Debug|Any CPU
		{98197967-6005-4C36-9C90-FB02AFF28F69}.Release|Any CPU.ActiveCfg = Release|Any CPU
		{98197967-6005-4C36-9C90-FB02AFF28F69}.Release|Any CPU.Build.0 = Release|Any CPU
		{98197967-6005-4C36-9C90-FB02AFF28F69}.Release|x64.ActiveCfg = Release|Any CPU
		{98197967-6005-4C36-9C90-FB02AFF28F69}.Release|x64.Build.0 = Release|Any CPU
		{98197967-6005-4C36-9C90-FB02AFF28F69}.Release|x86.ActiveCfg = Release|Any CPU
		{98197967-6005-4C36-9C90-FB02AFF28F69}.Release|x86.Build.0 = Release|Any CPU
		{F6818873-3FFA-4CCE-A6C5-EA279A24449B}.Debug|Any CPU.ActiveCfg = Debug|Any CPU
		{F6818873-3FFA-4CCE-A6C5-EA279A24449B}.Debug|Any CPU.Build.0 = Debug|Any CPU
		{F6818873-3FFA-4CCE-A6C5-EA279A24449B}.Debug|x64.ActiveCfg = Debug|Any CPU
		{F6818873-3FFA-4CCE-A6C5-EA279A24449B}.Debug|x64.Build.0 = Debug|Any CPU
		{F6818873-3FFA-4CCE-A6C5-EA279A24449B}.Debug|x86.ActiveCfg = Debug|Any CPU
		{F6818873-3FFA-4CCE-A6C5-EA279A24449B}.Debug|x86.Build.0 = Debug|Any CPU
		{F6818873-3FFA-4CCE-A6C5-EA279A24449B}.Release|Any CPU.ActiveCfg = Release|Any CPU
		{F6818873-3FFA-4CCE-A6C5-EA279A24449B}.Release|Any CPU.Build.0 = Release|Any CPU
		{F6818873-3FFA-4CCE-A6C5-EA279A24449B}.Release|x64.ActiveCfg = Release|Any CPU
		{F6818873-3FFA-4CCE-A6C5-EA279A24449B}.Release|x64.Build.0 = Release|Any CPU
		{F6818873-3FFA-4CCE-A6C5-EA279A24449B}.Release|x86.ActiveCfg = Release|Any CPU
		{F6818873-3FFA-4CCE-A6C5-EA279A24449B}.Release|x86.Build.0 = Release|Any CPU
	EndGlobalSection
	GlobalSection(NestedProjects) = preSolution
		{CD381772-2EA6-4A62-8D34-8677429A22CF} = {EAB0B5DC-E02F-456C-B8AB-08FFD466BE63}
		{F6818873-3FFA-4CCE-A6C5-EA279A24449B} = {EAB0B5DC-E02F-456C-B8AB-08FFD466BE63}
	EndGlobalSection
EndGlobal
