
Microsoft Visual Studio Solution File, Format Version 12.00
# Visual Studio Version 16
VisualStudioVersion = 16.6.30114.105
MinimumVisualStudioVersion = 10.0.40219.1
Project("{9A19103F-16F7-4668-BE54-9A1E7A4F7556}") = "R5T.D0087.Base", "R5T.D0087.Base\R5T.D0087.Base.csproj", "{23BB3F6F-2B54-46C8-90DD-9A6E6399CBE2}"
EndProject
Project("{2150E333-8FDC-42A3-9474-1A3956D46DE8}") = "_Dependencies", "_Dependencies", "{EAB0B5DC-E02F-456C-B8AB-08FFD466BE63}"
EndProject
Project("{9A19103F-16F7-4668-BE54-9A1E7A4F7556}") = "R5T.T0064", "..\..\R5T.T0064\source\R5T.T0064\R5T.T0064.csproj", "{4A288332-982D-44FE-8858-7C425CC70FC1}"
EndProject
Project("{9A19103F-16F7-4668-BE54-9A1E7A4F7556}") = "R5T.L0014", "..\..\R5T.L0014\source\R5T.L0014\R5T.L0014.csproj", "{75E31551-790D-4065-81BA-ACD886B3B965}"
EndProject
Global
	GlobalSection(SolutionConfigurationPlatforms) = preSolution
		Debug|Any CPU = Debug|Any CPU
		Debug|x64 = Debug|x64
		Debug|x86 = Debug|x86
		Release|Any CPU = Release|Any CPU
		Release|x64 = Release|x64
		Release|x86 = Release|x86
	EndGlobalSection
	GlobalSection(ProjectConfigurationPlatforms) = postSolution
		{23BB3F6F-2B54-46C8-90DD-9A6E6399CBE2}.Debug|Any CPU.ActiveCfg = Debug|Any CPU
		{23BB3F6F-2B54-46C8-90DD-9A6E6399CBE2}.Debug|Any CPU.Build.0 = Debug|Any CPU
		{23BB3F6F-2B54-46C8-90DD-9A6E6399CBE2}.Debug|x64.ActiveCfg = Debug|Any CPU
		{23BB3F6F-2B54-46C8-90DD-9A6E6399CBE2}.Debug|x64.Build.0 = Debug|Any CPU
		{23BB3F6F-2B54-46C8-90DD-9A6E6399CBE2}.Debug|x86.ActiveCfg = Debug|Any CPU
		{23BB3F6F-2B54-46C8-90DD-9A6E6399CBE2}.Debug|x86.Build.0 = Debug|Any CPU
		{23BB3F6F-2B54-46C8-90DD-9A6E6399CBE2}.Release|Any CPU.ActiveCfg = Release|Any CPU
		{23BB3F6F-2B54-46C8-90DD-9A6E6399CBE2}.Release|Any CPU.Build.0 = Release|Any CPU
		{23BB3F6F-2B54-46C8-90DD-9A6E6399CBE2}.Release|x64.ActiveCfg = Release|Any CPU
		{23BB3F6F-2B54-46C8-90DD-9A6E6399CBE2}.Release|x64.Build.0 = Release|Any CPU
		{23BB3F6F-2B54-46C8-90DD-9A6E6399CBE2}.Release|x86.ActiveCfg = Release|Any CPU
		{23BB3F6F-2B54-46C8-90DD-9A6E6399CBE2}.Release|x86.Build.0 = Release|Any CPU
		{4A288332-982D-44FE-8858-7C425CC70FC1}.Debug|Any CPU.ActiveCfg = Debug|Any CPU
		{4A288332-982D-44FE-8858-7C425CC70FC1}.Debug|Any CPU.Build.0 = Debug|Any CPU
		{4A288332-982D-44FE-8858-7C425CC70FC1}.Debug|x64.ActiveCfg = Debug|Any CPU
		{4A288332-982D-44FE-8858-7C425CC70FC1}.Debug|x64.Build.0 = Debug|Any CPU
		{4A288332-982D-44FE-8858-7C425CC70FC1}.Debug|x86.ActiveCfg = Debug|Any CPU
		{4A288332-982D-44FE-8858-7C425CC70FC1}.Debug|x86.Build.0 = Debug|Any CPU
		{4A288332-982D-44FE-8858-7C425CC70FC1}.Release|Any CPU.ActiveCfg = Release|Any CPU
		{4A288332-982D-44FE-8858-7C425CC70FC1}.Release|Any CPU.Build.0 = Release|Any CPU
		{4A288332-982D-44FE-8858-7C425CC70FC1}.Release|x64.ActiveCfg = Release|Any CPU
		{4A288332-982D-44FE-8858-7C425CC70FC1}.Release|x64.Build.0 = Release|Any CPU
		{4A288332-982D-44FE-8858-7C425CC70FC1}.Release|x86.ActiveCfg = Release|Any CPU
		{4A288332-982D-44FE-8858-7C425CC70FC1}.Release|x86.Build.0 = Release|Any CPU
		{75E31551-790D-4065-81BA-ACD886B3B965}.Debug|Any CPU.ActiveCfg = Debug|Any CPU
		{75E31551-790D-4065-81BA-ACD886B3B965}.Debug|Any CPU.Build.0 = Debug|Any CPU
		{75E31551-790D-4065-81BA-ACD886B3B965}.Debug|x64.ActiveCfg = Debug|Any CPU
		{75E31551-790D-4065-81BA-ACD886B3B965}.Debug|x64.Build.0 = Debug|Any CPU
		{75E31551-790D-4065-81BA-ACD886B3B965}.Debug|x86.ActiveCfg = Debug|Any CPU
		{75E31551-790D-4065-81BA-ACD886B3B965}.Debug|x86.Build.0 = Debug|Any CPU
		{75E31551-790D-4065-81BA-ACD886B3B965}.Release|Any CPU.ActiveCfg = Release|Any CPU
		{75E31551-790D-4065-81BA-ACD886B3B965}.Release|Any CPU.Build.0 = Release|Any CPU
		{75E31551-790D-4065-81BA-ACD886B3B965}.Release|x64.ActiveCfg = Release|Any CPU
		{75E31551-790D-4065-81BA-ACD886B3B965}.Release|x64.Build.0 = Release|Any CPU
		{75E31551-790D-4065-81BA-ACD886B3B965}.Release|x86.ActiveCfg = Release|Any CPU
		{75E31551-790D-4065-81BA-ACD886B3B965}.Release|x86.Build.0 = Release|Any CPU
	EndGlobalSection
	GlobalSection(SolutionProperties) = preSolution
		HideSolutionNode = FALSE
	EndGlobalSection
	GlobalSection(NestedProjects) = preSolution
		{4A288332-982D-44FE-8858-7C425CC70FC1} = {EAB0B5DC-E02F-456C-B8AB-08FFD466BE63}
		{75E31551-790D-4065-81BA-ACD886B3B965} = {EAB0B5DC-E02F-456C-B8AB-08FFD466BE63}
	EndGlobalSection
	GlobalSection(ExtensibilityGlobals) = postSolution
		SolutionGuid = {79D71C50-47E6-4DCD-8037-CF47F5BC009B}
	EndGlobalSection
EndGlobal
