
Microsoft Visual Studio Solution File, Format Version 12.00
# Visual Studio Version 16
VisualStudioVersion = 16.6.30114.105
MinimumVisualStudioVersion = 10.0.40219.1
Project("{FAE04EC0-301F-11D3-BF4B-00C04F79EFBC}") = "R5T.D0087.A001", "R5T.D0087.A001\R5T.D0087.A001.csproj", "{0FDB115B-3796-429E-94B7-91C30369C212}"
EndProject
Project("{FAE04EC0-301F-11D3-BF4B-00C04F79EFBC}") = "R5T.D0087.I001", "R5T.D0087.I001\R5T.D0087.I001.csproj", "{A40C72E0-EC1B-488F-9033-95218A2597CB}"
EndProject
Project("{FAE04EC0-301F-11D3-BF4B-00C04F79EFBC}") = "R5T.D0087.Base", "R5T.D0087.Base\R5T.D0087.Base.csproj", "{6A467E50-CCFE-453F-A453-9046BA19E0B1}"
EndProject
Project("{2150E333-8FDC-42A3-9474-1A3956D46DE8}") = "_Dependencies", "_Dependencies", "{0D726F2F-584A-44B5-BDAC-B7386F8F5B39}"
EndProject
Project("{FAE04EC0-301F-11D3-BF4B-00C04F79EFBC}") = "R5T.Dacia.Extensions", "..\..\R5T.Dacia.Extensions\source\R5T.Dacia.Extensions\R5T.Dacia.Extensions.csproj", "{CC87D575-3AB2-45A2-BC55-3439ADEAF799}"
EndProject
Project("{FAE04EC0-301F-11D3-BF4B-00C04F79EFBC}") = "R5T.Dacia.T002", "..\..\R5T.Dacia\source\R5T.Dacia.T002\R5T.Dacia.T002.csproj", "{E01FAEB6-3F06-4DF2-85EF-42FEF81B497E}"
EndProject
Global
	GlobalSection(SolutionConfigurationPlatforms) = preSolution
		Debug|Any CPU = Debug|Any CPU
		Debug|x64 = Debug|x64
		Debug|x86 = Debug|x86
		Release|Any CPU = Release|Any CPU
		Release|x64 = Release|x64
		Release|x86 = Release|x86
	EndGlobalSection
	GlobalSection(SolutionProperties) = preSolution
		HideSolutionNode = FALSE
	EndGlobalSection
	GlobalSection(ProjectConfigurationPlatforms) = postSolution
		{0FDB115B-3796-429E-94B7-91C30369C212}.Debug|Any CPU.ActiveCfg = Debug|Any CPU
		{0FDB115B-3796-429E-94B7-91C30369C212}.Debug|Any CPU.Build.0 = Debug|Any CPU
		{0FDB115B-3796-429E-94B7-91C30369C212}.Debug|x64.ActiveCfg = Debug|Any CPU
		{0FDB115B-3796-429E-94B7-91C30369C212}.Debug|x64.Build.0 = Debug|Any CPU
		{0FDB115B-3796-429E-94B7-91C30369C212}.Debug|x86.ActiveCfg = Debug|Any CPU
		{0FDB115B-3796-429E-94B7-91C30369C212}.Debug|x86.Build.0 = Debug|Any CPU
		{0FDB115B-3796-429E-94B7-91C30369C212}.Release|Any CPU.ActiveCfg = Release|Any CPU
		{0FDB115B-3796-429E-94B7-91C30369C212}.Release|Any CPU.Build.0 = Release|Any CPU
		{0FDB115B-3796-429E-94B7-91C30369C212}.Release|x64.ActiveCfg = Release|Any CPU
		{0FDB115B-3796-429E-94B7-91C30369C212}.Release|x64.Build.0 = Release|Any CPU
		{0FDB115B-3796-429E-94B7-91C30369C212}.Release|x86.ActiveCfg = Release|Any CPU
		{0FDB115B-3796-429E-94B7-91C30369C212}.Release|x86.Build.0 = Release|Any CPU
		{A40C72E0-EC1B-488F-9033-95218A2597CB}.Debug|Any CPU.ActiveCfg = Debug|Any CPU
		{A40C72E0-EC1B-488F-9033-95218A2597CB}.Debug|Any CPU.Build.0 = Debug|Any CPU
		{A40C72E0-EC1B-488F-9033-95218A2597CB}.Debug|x64.ActiveCfg = Debug|Any CPU
		{A40C72E0-EC1B-488F-9033-95218A2597CB}.Debug|x64.Build.0 = Debug|Any CPU
		{A40C72E0-EC1B-488F-9033-95218A2597CB}.Debug|x86.ActiveCfg = Debug|Any CPU
		{A40C72E0-EC1B-488F-9033-95218A2597CB}.Debug|x86.Build.0 = Debug|Any CPU
		{A40C72E0-EC1B-488F-9033-95218A2597CB}.Release|Any CPU.ActiveCfg = Release|Any CPU
		{A40C72E0-EC1B-488F-9033-95218A2597CB}.Release|Any CPU.Build.0 = Release|Any CPU
		{A40C72E0-EC1B-488F-9033-95218A2597CB}.Release|x64.ActiveCfg = Release|Any CPU
		{A40C72E0-EC1B-488F-9033-95218A2597CB}.Release|x64.Build.0 = Release|Any CPU
		{A40C72E0-EC1B-488F-9033-95218A2597CB}.Release|x86.ActiveCfg = Release|Any CPU
		{A40C72E0-EC1B-488F-9033-95218A2597CB}.Release|x86.Build.0 = Release|Any CPU
		{6A467E50-CCFE-453F-A453-9046BA19E0B1}.Debug|Any CPU.ActiveCfg = Debug|Any CPU
		{6A467E50-CCFE-453F-A453-9046BA19E0B1}.Debug|Any CPU.Build.0 = Debug|Any CPU
		{6A467E50-CCFE-453F-A453-9046BA19E0B1}.Debug|x64.ActiveCfg = Debug|Any CPU
		{6A467E50-CCFE-453F-A453-9046BA19E0B1}.Debug|x64.Build.0 = Debug|Any CPU
		{6A467E50-CCFE-453F-A453-9046BA19E0B1}.Debug|x86.ActiveCfg = Debug|Any CPU
		{6A467E50-CCFE-453F-A453-9046BA19E0B1}.Debug|x86.Build.0 = Debug|Any CPU
		{6A467E50-CCFE-453F-A453-9046BA19E0B1}.Release|Any CPU.ActiveCfg = Release|Any CPU
		{6A467E50-CCFE-453F-A453-9046BA19E0B1}.Release|Any CPU.Build.0 = Release|Any CPU
		{6A467E50-CCFE-453F-A453-9046BA19E0B1}.Release|x64.ActiveCfg = Release|Any CPU
		{6A467E50-CCFE-453F-A453-9046BA19E0B1}.Release|x64.Build.0 = Release|Any CPU
		{6A467E50-CCFE-453F-A453-9046BA19E0B1}.Release|x86.ActiveCfg = Release|Any CPU
		{6A467E50-CCFE-453F-A453-9046BA19E0B1}.Release|x86.Build.0 = Release|Any CPU
		{CC87D575-3AB2-45A2-BC55-3439ADEAF799}.Debug|Any CPU.ActiveCfg = Debug|Any CPU
		{CC87D575-3AB2-45A2-BC55-3439ADEAF799}.Debug|Any CPU.Build.0 = Debug|Any CPU
		{CC87D575-3AB2-45A2-BC55-3439ADEAF799}.Debug|x64.ActiveCfg = Debug|Any CPU
		{CC87D575-3AB2-45A2-BC55-3439ADEAF799}.Debug|x64.Build.0 = Debug|Any CPU
		{CC87D575-3AB2-45A2-BC55-3439ADEAF799}.Debug|x86.ActiveCfg = Debug|Any CPU
		{CC87D575-3AB2-45A2-BC55-3439ADEAF799}.Debug|x86.Build.0 = Debug|Any CPU
		{CC87D575-3AB2-45A2-BC55-3439ADEAF799}.Release|Any CPU.ActiveCfg = Release|Any CPU
		{CC87D575-3AB2-45A2-BC55-3439ADEAF799}.Release|Any CPU.Build.0 = Release|Any CPU
		{CC87D575-3AB2-45A2-BC55-3439ADEAF799}.Release|x64.ActiveCfg = Release|Any CPU
		{CC87D575-3AB2-45A2-BC55-3439ADEAF799}.Release|x64.Build.0 = Release|Any CPU
		{CC87D575-3AB2-45A2-BC55-3439ADEAF799}.Release|x86.ActiveCfg = Release|Any CPU
		{CC87D575-3AB2-45A2-BC55-3439ADEAF799}.Release|x86.Build.0 = Release|Any CPU
		{E01FAEB6-3F06-4DF2-85EF-42FEF81B497E}.Debug|Any CPU.ActiveCfg = Debug|Any CPU
		{E01FAEB6-3F06-4DF2-85EF-42FEF81B497E}.Debug|Any CPU.Build.0 = Debug|Any CPU
		{E01FAEB6-3F06-4DF2-85EF-42FEF81B497E}.Debug|x64.ActiveCfg = Debug|Any CPU
		{E01FAEB6-3F06-4DF2-85EF-42FEF81B497E}.Debug|x64.Build.0 = Debug|Any CPU
		{E01FAEB6-3F06-4DF2-85EF-42FEF81B497E}.Debug|x86.ActiveCfg = Debug|Any CPU
		{E01FAEB6-3F06-4DF2-85EF-42FEF81B497E}.Debug|x86.Build.0 = Debug|Any CPU
		{E01FAEB6-3F06-4DF2-85EF-42FEF81B497E}.Release|Any CPU.ActiveCfg = Release|Any CPU
		{E01FAEB6-3F06-4DF2-85EF-42FEF81B497E}.Release|Any CPU.Build.0 = Release|Any CPU
		{E01FAEB6-3F06-4DF2-85EF-42FEF81B497E}.Release|x64.ActiveCfg = Release|Any CPU
		{E01FAEB6-3F06-4DF2-85EF-42FEF81B497E}.Release|x64.Build.0 = Release|Any CPU
		{E01FAEB6-3F06-4DF2-85EF-42FEF81B497E}.Release|x86.ActiveCfg = Release|Any CPU
		{E01FAEB6-3F06-4DF2-85EF-42FEF81B497E}.Release|x86.Build.0 = Release|Any CPU
	EndGlobalSection
	GlobalSection(NestedProjects) = preSolution
		{CC87D575-3AB2-45A2-BC55-3439ADEAF799} = {0D726F2F-584A-44B5-BDAC-B7386F8F5B39}
		{E01FAEB6-3F06-4DF2-85EF-42FEF81B497E} = {0D726F2F-584A-44B5-BDAC-B7386F8F5B39}
	EndGlobalSection
EndGlobal
