
Microsoft Visual Studio Solution File, Format Version 12.00
# Visual Studio Version 16
VisualStudioVersion = 16.6.30114.105
MinimumVisualStudioVersion = 10.0.40219.1
Project("{FAE04EC0-301F-11D3-BF4B-00C04F79EFBC}") = "R5T.D0087.Construction", "R5T.D0087.Construction\R5T.D0087.Construction.csproj", "{0B7B857B-9A5B-42FF-800A-36AD9B4FF063}"
EndProject
Project("{2150E333-8FDC-42A3-9474-1A3956D46DE8}") = "_Dependencies", "_Dependencies", "{76364504-1281-44AD-AF03-EB12F6CD3447}"
EndProject
Project("{FAE04EC0-301F-11D3-BF4B-00C04F79EFBC}") = "R5T.Plymouth.ProgramAsAService", "..\..\R5T.Plymouth\source\R5T.Plymouth.ProgramAsAService\R5T.Plymouth.ProgramAsAService.csproj", "{D05264FE-57EE-482F-92B3-D84F7C8E4F07}"
EndProject
Project("{FAE04EC0-301F-11D3-BF4B-00C04F79EFBC}") = "R5T.T0027.T009", "..\..\R5T.T0027\source\R5T.T0027.T009\R5T.T0027.T009.csproj", "{B1C7DCBF-FB9F-4FF2-A0D0-3D67CD216BB5}"
EndProject
Project("{FAE04EC0-301F-11D3-BF4B-00C04F79EFBC}") = "R5T.D0087.I001", "R5T.D0087.I001\R5T.D0087.I001.csproj", "{AADD0AE4-26F4-4CC0-89FE-8FE27CC9496A}"
EndProject
Project("{FAE04EC0-301F-11D3-BF4B-00C04F79EFBC}") = "R5T.D0087.Base", "R5T.D0087.Base\R5T.D0087.Base.csproj", "{A7DDBD8A-7A98-41B1-A354-7B2503E215F5}"
EndProject
Project("{FAE04EC0-301F-11D3-BF4B-00C04F79EFBC}") = "R5T.Dacia.Extensions", "..\..\R5T.Dacia.Extensions\source\R5T.Dacia.Extensions\R5T.Dacia.Extensions.csproj", "{170535EC-B264-4F3C-A921-DD9AF660E261}"
EndProject
Project("{FAE04EC0-301F-11D3-BF4B-00C04F79EFBC}") = "R5T.Dacia.T002", "..\..\R5T.Dacia\source\R5T.Dacia.T002\R5T.Dacia.T002.csproj", "{96ADA680-4A75-4993-8B53-A4D30CAB7DBE}"
EndProject
Global
	GlobalSection(SolutionConfigurationPlatforms) = preSolution
		Debug|Any CPU = Debug|Any CPU
		Debug|x64 = Debug|x64
		Debug|x86 = Debug|x86
		Release|Any CPU = Release|Any CPU
		Release|x64 = Release|x64
		Release|x86 = Release|x86
	EndGlobalSection
	GlobalSection(SolutionProperties) = preSolution
		HideSolutionNode = FALSE
	EndGlobalSection
	GlobalSection(ProjectConfigurationPlatforms) = postSolution
		{0B7B857B-9A5B-42FF-800A-36AD9B4FF063}.Debug|Any CPU.ActiveCfg = Debug|Any CPU
		{0B7B857B-9A5B-42FF-800A-36AD9B4FF063}.Debug|Any CPU.Build.0 = Debug|Any CPU
		{0B7B857B-9A5B-42FF-800A-36AD9B4FF063}.Debug|x64.ActiveCfg = Debug|Any CPU
		{0B7B857B-9A5B-42FF-800A-36AD9B4FF063}.Debug|x64.Build.0 = Debug|Any CPU
		{0B7B857B-9A5B-42FF-800A-36AD9B4FF063}.Debug|x86.ActiveCfg = Debug|Any CPU
		{0B7B857B-9A5B-42FF-800A-36AD9B4FF063}.Debug|x86.Build.0 = Debug|Any CPU
		{0B7B857B-9A5B-42FF-800A-36AD9B4FF063}.Release|Any CPU.ActiveCfg = Release|Any CPU
		{0B7B857B-9A5B-42FF-800A-36AD9B4FF063}.Release|Any CPU.Build.0 = Release|Any CPU
		{0B7B857B-9A5B-42FF-800A-36AD9B4FF063}.Release|x64.ActiveCfg = Release|Any CPU
		{0B7B857B-9A5B-42FF-800A-36AD9B4FF063}.Release|x64.Build.0 = Release|Any CPU
		{0B7B857B-9A5B-42FF-800A-36AD9B4FF063}.Release|x86.ActiveCfg = Release|Any CPU
		{0B7B857B-9A5B-42FF-800A-36AD9B4FF063}.Release|x86.Build.0 = Release|Any CPU
		{D05264FE-57EE-482F-92B3-D84F7C8E4F07}.Debug|Any CPU.ActiveCfg = Debug|Any CPU
		{D05264FE-57EE-482F-92B3-D84F7C8E4F07}.Debug|Any CPU.Build.0 = Debug|Any CPU
		{D05264FE-57EE-482F-92B3-D84F7C8E4F07}.Debug|x64.ActiveCfg = Debug|Any CPU
		{D05264FE-57EE-482F-92B3-D84F7C8E4F07}.Debug|x64.Build.0 = Debug|Any CPU
		{D05264FE-57EE-482F-92B3-D84F7C8E4F07}.Debug|x86.ActiveCfg = Debug|Any CPU
		{D05264FE-57EE-482F-92B3-D84F7C8E4F07}.Debug|x86.Build.0 = Debug|Any CPU
		{D05264FE-57EE-482F-92B3-D84F7C8E4F07}.Release|Any CPU.ActiveCfg = Release|Any CPU
		{D05264FE-57EE-482F-92B3-D84F7C8E4F07}.Release|Any CPU.Build.0 = Release|Any CPU
		{D05264FE-57EE-482F-92B3-D84F7C8E4F07}.Release|x64.ActiveCfg = Release|Any CPU
		{D05264FE-57EE-482F-92B3-D84F7C8E4F07}.Release|x64.Build.0 = Release|Any CPU
		{D05264FE-57EE-482F-92B3-D84F7C8E4F07}.Release|x86.ActiveCfg = Release|Any CPU
		{D05264FE-57EE-482F-92B3-D84F7C8E4F07}.Release|x86.Build.0 = Release|Any CPU
		{B1C7DCBF-FB9F-4FF2-A0D0-3D67CD216BB5}.Debug|Any CPU.ActiveCfg = Debug|Any CPU
		{B1C7DCBF-FB9F-4FF2-A0D0-3D67CD216BB5}.Debug|Any CPU.Build.0 = Debug|Any CPU
		{B1C7DCBF-FB9F-4FF2-A0D0-3D67CD216BB5}.Debug|x64.ActiveCfg = Debug|Any CPU
		{B1C7DCBF-FB9F-4FF2-A0D0-3D67CD216BB5}.Debug|x64.Build.0 = Debug|Any CPU
		{B1C7DCBF-FB9F-4FF2-A0D0-3D67CD216BB5}.Debug|x86.ActiveCfg = Debug|Any CPU
		{B1C7DCBF-FB9F-4FF2-A0D0-3D67CD216BB5}.Debug|x86.Build.0 = Debug|Any CPU
		{B1C7DCBF-FB9F-4FF2-A0D0-3D67CD216BB5}.Release|Any CPU.ActiveCfg = Release|Any CPU
		{B1C7DCBF-FB9F-4FF2-A0D0-3D67CD216BB5}.Release|Any CPU.Build.0 = Release|Any CPU
		{B1C7DCBF-FB9F-4FF2-A0D0-3D67CD216BB5}.Release|x64.ActiveCfg = Release|Any CPU
		{B1C7DCBF-FB9F-4FF2-A0D0-3D67CD216BB5}.Release|x64.Build.0 = Release|Any CPU
		{B1C7DCBF-FB9F-4FF2-A0D0-3D67CD216BB5}.Release|x86.ActiveCfg = Release|Any CPU
		{B1C7DCBF-FB9F-4FF2-A0D0-3D67CD216BB5}.Release|x86.Build.0 = Release|Any CPU
		{AADD0AE4-26F4-4CC0-89FE-8FE27CC9496A}.Debug|Any CPU.ActiveCfg = Debug|Any CPU
		{AADD0AE4-26F4-4CC0-89FE-8FE27CC9496A}.Debug|Any CPU.Build.0 = Debug|Any CPU
		{AADD0AE4-26F4-4CC0-89FE-8FE27CC9496A}.Debug|x64.ActiveCfg = Debug|Any CPU
		{AADD0AE4-26F4-4CC0-89FE-8FE27CC9496A}.Debug|x64.Build.0 = Debug|Any CPU
		{AADD0AE4-26F4-4CC0-89FE-8FE27CC9496A}.Debug|x86.ActiveCfg = Debug|Any CPU
		{AADD0AE4-26F4-4CC0-89FE-8FE27CC9496A}.Debug|x86.Build.0 = Debug|Any CPU
		{AADD0AE4-26F4-4CC0-89FE-8FE27CC9496A}.Release|Any CPU.ActiveCfg = Release|Any CPU
		{AADD0AE4-26F4-4CC0-89FE-8FE27CC9496A}.Release|Any CPU.Build.0 = Release|Any CPU
		{AADD0AE4-26F4-4CC0-89FE-8FE27CC9496A}.Release|x64.ActiveCfg = Release|Any CPU
		{AADD0AE4-26F4-4CC0-89FE-8FE27CC9496A}.Release|x64.Build.0 = Release|Any CPU
		{AADD0AE4-26F4-4CC0-89FE-8FE27CC9496A}.Release|x86.ActiveCfg = Release|Any CPU
		{AADD0AE4-26F4-4CC0-89FE-8FE27CC9496A}.Release|x86.Build.0 = Release|Any CPU
		{A7DDBD8A-7A98-41B1-A354-7B2503E215F5}.Debug|Any CPU.ActiveCfg = Debug|Any CPU
		{A7DDBD8A-7A98-41B1-A354-7B2503E215F5}.Debug|Any CPU.Build.0 = Debug|Any CPU
		{A7DDBD8A-7A98-41B1-A354-7B2503E215F5}.Debug|x64.ActiveCfg = Debug|Any CPU
		{A7DDBD8A-7A98-41B1-A354-7B2503E215F5}.Debug|x64.Build.0 = Debug|Any CPU
		{A7DDBD8A-7A98-41B1-A354-7B2503E215F5}.Debug|x86.ActiveCfg = Debug|Any CPU
		{A7DDBD8A-7A98-41B1-A354-7B2503E215F5}.Debug|x86.Build.0 = Debug|Any CPU
		{A7DDBD8A-7A98-41B1-A354-7B2503E215F5}.Release|Any CPU.ActiveCfg = Release|Any CPU
		{A7DDBD8A-7A98-41B1-A354-7B2503E215F5}.Release|Any CPU.Build.0 = Release|Any CPU
		{A7DDBD8A-7A98-41B1-A354-7B2503E215F5}.Release|x64.ActiveCfg = Release|Any CPU
		{A7DDBD8A-7A98-41B1-A354-7B2503E215F5}.Release|x64.Build.0 = Release|Any CPU
		{A7DDBD8A-7A98-41B1-A354-7B2503E215F5}.Release|x86.ActiveCfg = Release|Any CPU
		{A7DDBD8A-7A98-41B1-A354-7B2503E215F5}.Release|x86.Build.0 = Release|Any CPU
		{170535EC-B264-4F3C-A921-DD9AF660E261}.Debug|Any CPU.ActiveCfg = Debug|Any CPU
		{170535EC-B264-4F3C-A921-DD9AF660E261}.Debug|Any CPU.Build.0 = Debug|Any CPU
		{170535EC-B264-4F3C-A921-DD9AF660E261}.Debug|x64.ActiveCfg = Debug|Any CPU
		{170535EC-B264-4F3C-A921-DD9AF660E261}.Debug|x64.Build.0 = Debug|Any CPU
		{170535EC-B264-4F3C-A921-DD9AF660E261}.Debug|x86.ActiveCfg = Debug|Any CPU
		{170535EC-B264-4F3C-A921-DD9AF660E261}.Debug|x86.Build.0 = Debug|Any CPU
		{170535EC-B264-4F3C-A921-DD9AF660E261}.Release|Any CPU.ActiveCfg = Release|Any CPU
		{170535EC-B264-4F3C-A921-DD9AF660E261}.Release|Any CPU.Build.0 = Release|Any CPU
		{170535EC-B264-4F3C-A921-DD9AF660E261}.Release|x64.ActiveCfg = Release|Any CPU
		{170535EC-B264-4F3C-A921-DD9AF660E261}.Release|x64.Build.0 = Release|Any CPU
		{170535EC-B264-4F3C-A921-DD9AF660E261}.Release|x86.ActiveCfg = Release|Any CPU
		{170535EC-B264-4F3C-A921-DD9AF660E261}.Release|x86.Build.0 = Release|Any CPU
		{96ADA680-4A75-4993-8B53-A4D30CAB7DBE}.Debug|Any CPU.ActiveCfg = Debug|Any CPU
		{96ADA680-4A75-4993-8B53-A4D30CAB7DBE}.Debug|Any CPU.Build.0 = Debug|Any CPU
		{96ADA680-4A75-4993-8B53-A4D30CAB7DBE}.Debug|x64.ActiveCfg = Debug|Any CPU
		{96ADA680-4A75-4993-8B53-A4D30CAB7DBE}.Debug|x64.Build.0 = Debug|Any CPU
		{96ADA680-4A75-4993-8B53-A4D30CAB7DBE}.Debug|x86.ActiveCfg = Debug|Any CPU
		{96ADA680-4A75-4993-8B53-A4D30CAB7DBE}.Debug|x86.Build.0 = Debug|Any CPU
		{96ADA680-4A75-4993-8B53-A4D30CAB7DBE}.Release|Any CPU.ActiveCfg = Release|Any CPU
		{96ADA680-4A75-4993-8B53-A4D30CAB7DBE}.Release|Any CPU.Build.0 = Release|Any CPU
		{96ADA680-4A75-4993-8B53-A4D30CAB7DBE}.Release|x64.ActiveCfg = Release|Any CPU
		{96ADA680-4A75-4993-8B53-A4D30CAB7DBE}.Release|x64.Build.0 = Release|Any CPU
		{96ADA680-4A75-4993-8B53-A4D30CAB7DBE}.Release|x86.ActiveCfg = Release|Any CPU
		{96ADA680-4A75-4993-8B53-A4D30CAB7DBE}.Release|x86.Build.0 = Release|Any CPU
	EndGlobalSection
	GlobalSection(NestedProjects) = preSolution
		{D05264FE-57EE-482F-92B3-D84F7C8E4F07} = {76364504-1281-44AD-AF03-EB12F6CD3447}
		{B1C7DCBF-FB9F-4FF2-A0D0-3D67CD216BB5} = {76364504-1281-44AD-AF03-EB12F6CD3447}
		{170535EC-B264-4F3C-A921-DD9AF660E261} = {76364504-1281-44AD-AF03-EB12F6CD3447}
		{96ADA680-4A75-4993-8B53-A4D30CAB7DBE} = {76364504-1281-44AD-AF03-EB12F6CD3447}
	EndGlobalSection
EndGlobal
